
Microsoft Visual Studio Solution File, Format Version 12.00
# Visual Studio Version 17
VisualStudioVersion = 17.4.33122.133
MinimumVisualStudioVersion = 10.0.40219.1
Project("{9A19103F-16F7-4668-BE54-9A1E7A4F7556}") = "Day01", "Day01\Day01.csproj", "{A8CC707D-BA80-46F5-A681-2538698B341E}"
EndProject
Project("{9A19103F-16F7-4668-BE54-9A1E7A4F7556}") = "Day02", "Day02\Day02.csproj", "{712EC5BE-2BC9-46A2-B584-001C86C8FF5E}"
EndProject
Project("{9A19103F-16F7-4668-BE54-9A1E7A4F7556}") = "Day03", "Day03\Day03.csproj", "{E5AA850C-9291-47BC-A8E4-B08B34A674A3}"
EndProject
Project("{FAE04EC0-301F-11D3-BF4B-00C04F79EFBC}") = "Day04", "Day04\Day04.csproj", "{0BC0EC8F-2E0F-4A73-81D2-5B8C2966C8F8}"
EndProject
Global
	GlobalSection(SolutionConfigurationPlatforms) = preSolution
		Debug|Any CPU = Debug|Any CPU
		Release|Any CPU = Release|Any CPU
	EndGlobalSection
	GlobalSection(ProjectConfigurationPlatforms) = postSolution
		{A8CC707D-BA80-46F5-A681-2538698B341E}.Debug|Any CPU.ActiveCfg = Debug|Any CPU
		{A8CC707D-BA80-46F5-A681-2538698B341E}.Debug|Any CPU.Build.0 = Debug|Any CPU
		{A8CC707D-BA80-46F5-A681-2538698B341E}.Release|Any CPU.ActiveCfg = Release|Any CPU
		{A8CC707D-BA80-46F5-A681-2538698B341E}.Release|Any CPU.Build.0 = Release|Any CPU
		{712EC5BE-2BC9-46A2-B584-001C86C8FF5E}.Debug|Any CPU.ActiveCfg = Debug|Any CPU
		{712EC5BE-2BC9-46A2-B584-001C86C8FF5E}.Debug|Any CPU.Build.0 = Debug|Any CPU
		{712EC5BE-2BC9-46A2-B584-001C86C8FF5E}.Release|Any CPU.ActiveCfg = Release|Any CPU
		{712EC5BE-2BC9-46A2-B584-001C86C8FF5E}.Release|Any CPU.Build.0 = Release|Any CPU
		{E5AA850C-9291-47BC-A8E4-B08B34A674A3}.Debug|Any CPU.ActiveCfg = Debug|Any CPU
		{E5AA850C-9291-47BC-A8E4-B08B34A674A3}.Debug|Any CPU.Build.0 = Debug|Any CPU
		{E5AA850C-9291-47BC-A8E4-B08B34A674A3}.Release|Any CPU.ActiveCfg = Release|Any CPU
		{E5AA850C-9291-47BC-A8E4-B08B34A674A3}.Release|Any CPU.Build.0 = Release|Any CPU
		{0BC0EC8F-2E0F-4A73-81D2-5B8C2966C8F8}.Debug|Any CPU.ActiveCfg = Debug|Any CPU
		{0BC0EC8F-2E0F-4A73-81D2-5B8C2966C8F8}.Debug|Any CPU.Build.0 = Debug|Any CPU
		{0BC0EC8F-2E0F-4A73-81D2-5B8C2966C8F8}.Release|Any CPU.ActiveCfg = Release|Any CPU
		{0BC0EC8F-2E0F-4A73-81D2-5B8C2966C8F8}.Release|Any CPU.Build.0 = Release|Any CPU
	EndGlobalSection
	GlobalSection(SolutionProperties) = preSolution
		HideSolutionNode = FALSE
	EndGlobalSection
	GlobalSection(ExtensibilityGlobals) = postSolution
		SolutionGuid = {A0631564-47DE-4F80-86AA-1000B91D3584}
	EndGlobalSection
EndGlobal
