
Microsoft Visual Studio Solution File, Format Version 12.00
# Visual Studio Version 17
VisualStudioVersion = 17.4.33122.133
MinimumVisualStudioVersion = 10.0.40219.1
Project("{9A19103F-16F7-4668-BE54-9A1E7A4F7556}") = "Day01", "Day01\Day01.csproj", "{A8CC707D-BA80-46F5-A681-2538698B341E}"
EndProject
Project("{9A19103F-16F7-4668-BE54-9A1E7A4F7556}") = "Day02", "Day02\Day02.csproj", "{712EC5BE-2BC9-46A2-B584-001C86C8FF5E}"
EndProject
Project("{9A19103F-16F7-4668-BE54-9A1E7A4F7556}") = "Day03", "Day03\Day03.csproj", "{E5AA850C-9291-47BC-A8E4-B08B34A674A3}"
EndProject
Project("{9A19103F-16F7-4668-BE54-9A1E7A4F7556}") = "Day04", "Day04\Day04.csproj", "{0BC0EC8F-2E0F-4A73-81D2-5B8C2966C8F8}"
EndProject
Project("{9A19103F-16F7-4668-BE54-9A1E7A4F7556}") = "Day05", "Day05\Day05.csproj", "{AFAE9A18-291E-4917-AF88-B0867EED8AC3}"
EndProject
Project("{9A19103F-16F7-4668-BE54-9A1E7A4F7556}") = "Day06", "Day06\Day06.csproj", "{F4ED1266-11B4-43F0-B15F-74535F7CFB57}"
EndProject
Project("{FAE04EC0-301F-11D3-BF4B-00C04F79EFBC}") = "Day07", "Day07\Day07.csproj", "{1F2B505B-FF9E-4754-AC83-784B846216F9}"
EndProject
Project("{FAE04EC0-301F-11D3-BF4B-00C04F79EFBC}") = "Day08", "Day08\Day08.csproj", "{5C8E4640-A126-4ED9-8E22-E961D5785AD3}"
EndProject
Project("{FAE04EC0-301F-11D3-BF4B-00C04F79EFBC}") = "Day09", "Day09\Day09.csproj", "{8A3FE9B6-6A38-4B7E-9544-C3E9F3CD1FA8}"
EndProject
Project("{FAE04EC0-301F-11D3-BF4B-00C04F79EFBC}") = "Day10", "Day10\Day10.csproj", "{F0E8F81F-50F6-4096-AB42-0C021F7CC880}"
EndProject
Project("{FAE04EC0-301F-11D3-BF4B-00C04F79EFBC}") = "Day11", "Day11\Day11.csproj", "{A250D702-0481-4BFF-9184-CECFADC9F4A0}"
EndProject
Global
	GlobalSection(SolutionConfigurationPlatforms) = preSolution
		Debug|Any CPU = Debug|Any CPU
		Release|Any CPU = Release|Any CPU
	EndGlobalSection
	GlobalSection(ProjectConfigurationPlatforms) = postSolution
		{A8CC707D-BA80-46F5-A681-2538698B341E}.Debug|Any CPU.ActiveCfg = Debug|Any CPU
		{A8CC707D-BA80-46F5-A681-2538698B341E}.Debug|Any CPU.Build.0 = Debug|Any CPU
		{A8CC707D-BA80-46F5-A681-2538698B341E}.Release|Any CPU.ActiveCfg = Release|Any CPU
		{A8CC707D-BA80-46F5-A681-2538698B341E}.Release|Any CPU.Build.0 = Release|Any CPU
		{712EC5BE-2BC9-46A2-B584-001C86C8FF5E}.Debug|Any CPU.ActiveCfg = Debug|Any CPU
		{712EC5BE-2BC9-46A2-B584-001C86C8FF5E}.Debug|Any CPU.Build.0 = Debug|Any CPU
		{712EC5BE-2BC9-46A2-B584-001C86C8FF5E}.Release|Any CPU.ActiveCfg = Release|Any CPU
		{712EC5BE-2BC9-46A2-B584-001C86C8FF5E}.Release|Any CPU.Build.0 = Release|Any CPU
		{E5AA850C-9291-47BC-A8E4-B08B34A674A3}.Debug|Any CPU.ActiveCfg = Debug|Any CPU
		{E5AA850C-9291-47BC-A8E4-B08B34A674A3}.Debug|Any CPU.Build.0 = Debug|Any CPU
		{E5AA850C-9291-47BC-A8E4-B08B34A674A3}.Release|Any CPU.ActiveCfg = Release|Any CPU
		{E5AA850C-9291-47BC-A8E4-B08B34A674A3}.Release|Any CPU.Build.0 = Release|Any CPU
		{0BC0EC8F-2E0F-4A73-81D2-5B8C2966C8F8}.Debug|Any CPU.ActiveCfg = Debug|Any CPU
		{0BC0EC8F-2E0F-4A73-81D2-5B8C2966C8F8}.Debug|Any CPU.Build.0 = Debug|Any CPU
		{0BC0EC8F-2E0F-4A73-81D2-5B8C2966C8F8}.Release|Any CPU.ActiveCfg = Release|Any CPU
		{0BC0EC8F-2E0F-4A73-81D2-5B8C2966C8F8}.Release|Any CPU.Build.0 = Release|Any CPU
		{AFAE9A18-291E-4917-AF88-B0867EED8AC3}.Debug|Any CPU.ActiveCfg = Debug|Any CPU
		{AFAE9A18-291E-4917-AF88-B0867EED8AC3}.Debug|Any CPU.Build.0 = Debug|Any CPU
		{AFAE9A18-291E-4917-AF88-B0867EED8AC3}.Release|Any CPU.ActiveCfg = Release|Any CPU
		{AFAE9A18-291E-4917-AF88-B0867EED8AC3}.Release|Any CPU.Build.0 = Release|Any CPU
		{F4ED1266-11B4-43F0-B15F-74535F7CFB57}.Debug|Any CPU.ActiveCfg = Debug|Any CPU
		{F4ED1266-11B4-43F0-B15F-74535F7CFB57}.Debug|Any CPU.Build.0 = Debug|Any CPU
		{F4ED1266-11B4-43F0-B15F-74535F7CFB57}.Release|Any CPU.ActiveCfg = Release|Any CPU
		{F4ED1266-11B4-43F0-B15F-74535F7CFB57}.Release|Any CPU.Build.0 = Release|Any CPU
		{1F2B505B-FF9E-4754-AC83-784B846216F9}.Debug|Any CPU.ActiveCfg = Debug|Any CPU
		{1F2B505B-FF9E-4754-AC83-784B846216F9}.Debug|Any CPU.Build.0 = Debug|Any CPU
		{1F2B505B-FF9E-4754-AC83-784B846216F9}.Release|Any CPU.ActiveCfg = Release|Any CPU
		{1F2B505B-FF9E-4754-AC83-784B846216F9}.Release|Any CPU.Build.0 = Release|Any CPU
		{5C8E4640-A126-4ED9-8E22-E961D5785AD3}.Debug|Any CPU.ActiveCfg = Debug|Any CPU
		{5C8E4640-A126-4ED9-8E22-E961D5785AD3}.Debug|Any CPU.Build.0 = Debug|Any CPU
		{5C8E4640-A126-4ED9-8E22-E961D5785AD3}.Release|Any CPU.ActiveCfg = Release|Any CPU
		{5C8E4640-A126-4ED9-8E22-E961D5785AD3}.Release|Any CPU.Build.0 = Release|Any CPU
		{8A3FE9B6-6A38-4B7E-9544-C3E9F3CD1FA8}.Debug|Any CPU.ActiveCfg = Debug|Any CPU
		{8A3FE9B6-6A38-4B7E-9544-C3E9F3CD1FA8}.Debug|Any CPU.Build.0 = Debug|Any CPU
		{8A3FE9B6-6A38-4B7E-9544-C3E9F3CD1FA8}.Release|Any CPU.ActiveCfg = Release|Any CPU
		{8A3FE9B6-6A38-4B7E-9544-C3E9F3CD1FA8}.Release|Any CPU.Build.0 = Release|Any CPU
		{F0E8F81F-50F6-4096-AB42-0C021F7CC880}.Debug|Any CPU.ActiveCfg = Debug|Any CPU
		{F0E8F81F-50F6-4096-AB42-0C021F7CC880}.Debug|Any CPU.Build.0 = Debug|Any CPU
		{F0E8F81F-50F6-4096-AB42-0C021F7CC880}.Release|Any CPU.ActiveCfg = Release|Any CPU
		{F0E8F81F-50F6-4096-AB42-0C021F7CC880}.Release|Any CPU.Build.0 = Release|Any CPU
		{A250D702-0481-4BFF-9184-CECFADC9F4A0}.Debug|Any CPU.ActiveCfg = Debug|Any CPU
		{A250D702-0481-4BFF-9184-CECFADC9F4A0}.Debug|Any CPU.Build.0 = Debug|Any CPU
		{A250D702-0481-4BFF-9184-CECFADC9F4A0}.Release|Any CPU.ActiveCfg = Release|Any CPU
		{A250D702-0481-4BFF-9184-CECFADC9F4A0}.Release|Any CPU.Build.0 = Release|Any CPU
	EndGlobalSection
	GlobalSection(SolutionProperties) = preSolution
		HideSolutionNode = FALSE
	EndGlobalSection
	GlobalSection(ExtensibilityGlobals) = postSolution
		SolutionGuid = {A0631564-47DE-4F80-86AA-1000B91D3584}
	EndGlobalSection
EndGlobal
